
Microsoft Visual Studio Solution File, Format Version 12.00
# Visual Studio Version 17
VisualStudioVersion = 17.5.33516.290
MinimumVisualStudioVersion = 10.0.40219.1
Project("{9A19103F-16F7-4668-BE54-9A1E7A4F7556}") = "Z0key", "Z0key.csproj", "{B2839512-E5DA-4953-82AA-58CB3EF80646}"
EndProject
Global
	GlobalSection(SolutionConfigurationPlatforms) = preSolution
		Debug|Any CPU = Debug|Any CPU
		Release|Any CPU = Release|Any CPU
	EndGlobalSection
	GlobalSection(ProjectConfigurationPlatforms) = postSolution
		{B2839512-E5DA-4953-82AA-58CB3EF80646}.Debug|Any CPU.ActiveCfg = Debug|Any CPU
		{B2839512-E5DA-4953-82AA-58CB3EF80646}.Debug|Any CPU.Build.0 = Debug|Any CPU
		{B2839512-E5DA-4953-82AA-58CB3EF80646}.Release|Any CPU.ActiveCfg = Release|Any CPU
		{B2839512-E5DA-4953-82AA-58CB3EF80646}.Release|Any CPU.Build.0 = Release|Any CPU
	EndGlobalSection
	GlobalSection(SolutionProperties) = preSolution
		HideSolutionNode = FALSE
	EndGlobalSection
	GlobalSection(ExtensibilityGlobals) = postSolution
		SolutionGuid = {3D0B8E50-FD77-4DBC-9FB0-240975233BD2}
	EndGlobalSection
EndGlobal
